# @generated - this file is auto-generated by `mise lock` https://mise.jdx.dev/dev-tools/mise-lock.html

lockfile_version = 1

[[tools."aqua:yarnpkg/berry"]]
version = "4.18.0"
backend = "aqua:yarnpkg/berry"
specifiers = ["4.18.0"]

[tools."aqua:yarnpkg/berry"."platforms.linux-x64"]
url = "https://repo.yarnpkg.com/4.18.0/packages/yarnpkg-cli/bin/yarn.js"

[tools."aqua:yarnpkg/berry"."platforms.macos-arm64"]
url = "https://repo.yarnpkg.com/4.18.0/packages/yarnpkg-cli/bin/yarn.js"

[[tools.node]]
version = "24.19.0"
backend = "core:node"
specifiers = ["24.19.0"]

[tools.node."platforms.linux-x64"]
checksum = "sha256:f625d97cd707df4ff96254916fbc5ff014f09c09effe5a1e0ca8f6d41a8789d4"
url = "https://nodejs.org/dist/v24.19.0/node-v24.19.0-linux-x64.tar.gz"

[tools.node."platforms.macos-arm64"]
checksum = "sha256:8294b7aa9b03997481c06babf1e8b270c859358f27da57a11509afe537ac381d"
url = "https://nodejs.org/dist/v24.19.0/node-v24.19.0-darwin-arm64.tar.gz"
